
Microsoft Visual Studio Solution File, Format Version 12.00
Project("{FAE04EC0-301F-11D3-BF4B-00C04F79EFBC}") = "DictionaryLab", "DictionaryLab\DictionaryLab.csproj", "{37DEC9E6-A60F-4211-B384-9800FD128896}"
EndProject
Project("{FAE04EC0-301F-11D3-BF4B-00C04F79EFBC}") = "DictTest", "DictTest\DictTest.csproj", "{569BE8B2-14C4-4756-8E86-7B3570196B63}"
EndProject
Project("{FAE04EC0-301F-11D3-BF4B-00C04F79EFBC}") = "DictionaryWebAPI", "DictionaryWebAPI\DictionaryWebAPI.csproj", "{617B8E03-408B-4853-97AB-1FE9884BE5A1}"
EndProject
Project("{FAE04EC0-301F-11D3-BF4B-00C04F79EFBC}") = "DictionaryInterface", "DictionaryInterface\DictionaryInterface.csproj", "{D9144820-60C0-41E4-80BF-2707C33EFCEF}"
EndProject
Global
	GlobalSection(SolutionConfigurationPlatforms) = preSolution
		Debug|Any CPU = Debug|Any CPU
		Release|Any CPU = Release|Any CPU
	EndGlobalSection
	GlobalSection(ProjectConfigurationPlatforms) = postSolution
		{37DEC9E6-A60F-4211-B384-9800FD128896}.Debug|Any CPU.ActiveCfg = Debug|Any CPU
		{37DEC9E6-A60F-4211-B384-9800FD128896}.Debug|Any CPU.Build.0 = Debug|Any CPU
		{37DEC9E6-A60F-4211-B384-9800FD128896}.Release|Any CPU.ActiveCfg = Release|Any CPU
		{37DEC9E6-A60F-4211-B384-9800FD128896}.Release|Any CPU.Build.0 = Release|Any CPU
		{569BE8B2-14C4-4756-8E86-7B3570196B63}.Debug|Any CPU.ActiveCfg = Debug|Any CPU
		{569BE8B2-14C4-4756-8E86-7B3570196B63}.Debug|Any CPU.Build.0 = Debug|Any CPU
		{569BE8B2-14C4-4756-8E86-7B3570196B63}.Release|Any CPU.ActiveCfg = Release|Any CPU
		{569BE8B2-14C4-4756-8E86-7B3570196B63}.Release|Any CPU.Build.0 = Release|Any CPU
		{617B8E03-408B-4853-97AB-1FE9884BE5A1}.Debug|Any CPU.ActiveCfg = Debug|Any CPU
		{617B8E03-408B-4853-97AB-1FE9884BE5A1}.Debug|Any CPU.Build.0 = Debug|Any CPU
		{617B8E03-408B-4853-97AB-1FE9884BE5A1}.Release|Any CPU.ActiveCfg = Release|Any CPU
		{617B8E03-408B-4853-97AB-1FE9884BE5A1}.Release|Any CPU.Build.0 = Release|Any CPU
		{D9144820-60C0-41E4-80BF-2707C33EFCEF}.Debug|Any CPU.ActiveCfg = Debug|Any CPU
		{D9144820-60C0-41E4-80BF-2707C33EFCEF}.Debug|Any CPU.Build.0 = Debug|Any CPU
		{D9144820-60C0-41E4-80BF-2707C33EFCEF}.Release|Any CPU.ActiveCfg = Release|Any CPU
		{D9144820-60C0-41E4-80BF-2707C33EFCEF}.Release|Any CPU.Build.0 = Release|Any CPU
	EndGlobalSection
EndGlobal
